{
  "name": "proton-authenticator-omarchy-fixture",
  "version": "0.0.0",
  "lockfileVersion": 3,
  "requires": true,
  "packages": {
    "": {
      "name": "proton-authenticator-omarchy-fixture",
      "version": "0.0.0",
      "license": "GPL-3.0-only",
      "dependencies": {
        "@protontech/authenticator-rust-core": "0.28.8"
      }
    },
    "node_modules/@protontech/authenticator-rust-core": {
      "version": "0.28.8",
      "resolved": "https://registry.npmjs.org/@protontech/authenticator-rust-core/-/authenticator-rust-core-0.28.8.tgz",
      "integrity": "sha512-1pjTHiWq+ok5BOJdnckBC9kEyvIb7H5t7/XoqYVov0RhX1+b0PPatiMlXem3pZDLE3n8TKRP567vGnnKHStAjw==",
      "workspaces": [
        "worker"
      ]
    }
  }
}
